
Microsoft Visual Studio Solution File, Format Version 12.00
# Visual Studio Version 17
VisualStudioVersion = 17.3.32611.2
MinimumVisualStudioVersion = 10.0.40219.1
Project("{FAE04EC0-301F-11D3-BF4B-00C04F79EFBC}") = "UC.ClassDomain", "UC.ClassDomain\UC.ClassDomain.csproj", "{3D5804D6-70EA-4A65-8E27-CEE4231BB600}"
EndProject
Project("{FAE04EC0-301F-11D3-BF4B-00C04F79EFBC}") = "UC.ClassDTO", "UC.ClassDTO\UC.ClassDTO.csproj", "{CEC714EE-188E-4AB2-A917-D1D9A2400559}"
EndProject
Project("{FAE04EC0-301F-11D3-BF4B-00C04F79EFBC}") = "UC.Common", "UC.Common\UC.Common.csproj", "{180A4124-164C-4CFD-9517-85C8CAFFB959}"
EndProject
Project("{FAE04EC0-301F-11D3-BF4B-00C04F79EFBC}") = "UC.DataLayer", "UC.DataLayer\UC.DataLayer.csproj", "{FC6BC31A-29D2-4FAB-8C04-0DC562654607}"
EndProject
Project("{FAE04EC0-301F-11D3-BF4B-00C04F79EFBC}") = "UC.FluentAPI", "UC.FluentAPI\UC.FluentAPI.csproj", "{DCD062B0-AF18-4B6A-9772-F7003A23B2A2}"
EndProject
Project("{FAE04EC0-301F-11D3-BF4B-00C04F79EFBC}") = "UC.WebApi", "UC.WebApi\UC.WebApi.csproj", "{09CD44C8-3DC3-4348-9B93-5349B884F0D5}"
EndProject
Project("{FAE04EC0-301F-11D3-BF4B-00C04F79EFBC}") = "UC.InterfaceService", "UC.InterfaceService\UC.InterfaceService.csproj", "{A7057AEB-AA23-4938-A6D2-2E0E62E4DDB7}"
EndProject
Project("{FAE04EC0-301F-11D3-BF4B-00C04F79EFBC}") = "UC.Service", "UC.Service\UC.Service.csproj", "{2AA4E807-7F03-43B1-9830-DE4EDC106154}"
EndProject
Global
	GlobalSection(SolutionConfigurationPlatforms) = preSolution
		Debug|Any CPU = Debug|Any CPU
		Release|Any CPU = Release|Any CPU
	EndGlobalSection
	GlobalSection(ProjectConfigurationPlatforms) = postSolution
		{3D5804D6-70EA-4A65-8E27-CEE4231BB600}.Debug|Any CPU.ActiveCfg = Debug|Any CPU
		{3D5804D6-70EA-4A65-8E27-CEE4231BB600}.Debug|Any CPU.Build.0 = Debug|Any CPU
		{3D5804D6-70EA-4A65-8E27-CEE4231BB600}.Release|Any CPU.ActiveCfg = Release|Any CPU
		{3D5804D6-70EA-4A65-8E27-CEE4231BB600}.Release|Any CPU.Build.0 = Release|Any CPU
		{CEC714EE-188E-4AB2-A917-D1D9A2400559}.Debug|Any CPU.ActiveCfg = Debug|Any CPU
		{CEC714EE-188E-4AB2-A917-D1D9A2400559}.Debug|Any CPU.Build.0 = Debug|Any CPU
		{CEC714EE-188E-4AB2-A917-D1D9A2400559}.Release|Any CPU.ActiveCfg = Release|Any CPU
		{CEC714EE-188E-4AB2-A917-D1D9A2400559}.Release|Any CPU.Build.0 = Release|Any CPU
		{180A4124-164C-4CFD-9517-85C8CAFFB959}.Debug|Any CPU.ActiveCfg = Debug|Any CPU
		{180A4124-164C-4CFD-9517-85C8CAFFB959}.Debug|Any CPU.Build.0 = Debug|Any CPU
		{180A4124-164C-4CFD-9517-85C8CAFFB959}.Release|Any CPU.ActiveCfg = Release|Any CPU
		{180A4124-164C-4CFD-9517-85C8CAFFB959}.Release|Any CPU.Build.0 = Release|Any CPU
		{FC6BC31A-29D2-4FAB-8C04-0DC562654607}.Debug|Any CPU.ActiveCfg = Debug|Any CPU
		{FC6BC31A-29D2-4FAB-8C04-0DC562654607}.Debug|Any CPU.Build.0 = Debug|Any CPU
		{FC6BC31A-29D2-4FAB-8C04-0DC562654607}.Release|Any CPU.ActiveCfg = Release|Any CPU
		{FC6BC31A-29D2-4FAB-8C04-0DC562654607}.Release|Any CPU.Build.0 = Release|Any CPU
		{DCD062B0-AF18-4B6A-9772-F7003A23B2A2}.Debug|Any CPU.ActiveCfg = Debug|Any CPU
		{DCD062B0-AF18-4B6A-9772-F7003A23B2A2}.Debug|Any CPU.Build.0 = Debug|Any CPU
		{DCD062B0-AF18-4B6A-9772-F7003A23B2A2}.Release|Any CPU.ActiveCfg = Release|Any CPU
		{DCD062B0-AF18-4B6A-9772-F7003A23B2A2}.Release|Any CPU.Build.0 = Release|Any CPU
		{09CD44C8-3DC3-4348-9B93-5349B884F0D5}.Debug|Any CPU.ActiveCfg = Debug|Any CPU
		{09CD44C8-3DC3-4348-9B93-5349B884F0D5}.Debug|Any CPU.Build.0 = Debug|Any CPU
		{09CD44C8-3DC3-4348-9B93-5349B884F0D5}.Release|Any CPU.ActiveCfg = Release|Any CPU
		{09CD44C8-3DC3-4348-9B93-5349B884F0D5}.Release|Any CPU.Build.0 = Release|Any CPU
		{A7057AEB-AA23-4938-A6D2-2E0E62E4DDB7}.Debug|Any CPU.ActiveCfg = Debug|Any CPU
		{A7057AEB-AA23-4938-A6D2-2E0E62E4DDB7}.Debug|Any CPU.Build.0 = Debug|Any CPU
		{A7057AEB-AA23-4938-A6D2-2E0E62E4DDB7}.Release|Any CPU.ActiveCfg = Release|Any CPU
		{A7057AEB-AA23-4938-A6D2-2E0E62E4DDB7}.Release|Any CPU.Build.0 = Release|Any CPU
		{2AA4E807-7F03-43B1-9830-DE4EDC106154}.Debug|Any CPU.ActiveCfg = Debug|Any CPU
		{2AA4E807-7F03-43B1-9830-DE4EDC106154}.Debug|Any CPU.Build.0 = Debug|Any CPU
		{2AA4E807-7F03-43B1-9830-DE4EDC106154}.Release|Any CPU.ActiveCfg = Release|Any CPU
		{2AA4E807-7F03-43B1-9830-DE4EDC106154}.Release|Any CPU.Build.0 = Release|Any CPU
	EndGlobalSection
	GlobalSection(SolutionProperties) = preSolution
		HideSolutionNode = FALSE
	EndGlobalSection
	GlobalSection(ExtensibilityGlobals) = postSolution
		SolutionGuid = {0B58BF9C-C5DA-44C6-BB61-D250DBCAAAC4}
	EndGlobalSection
EndGlobal
